// !$*UTF8*$!
{
	archiveVersion = 1;
	classes = {
	};
	objectVersion = 56;
	objects = {

/* Begin PBXBuildFile section */
		485F5A852A9D7BDC00113291 /* Notification+Extension.swift in Sources */ = {isa = PBXBuildFile; fileRef = 485F5A842A9D7BDC00113291 /* Notification+Extension.swift */; };
		485F5A872A9D7C7F00113291 /* DateView.swift in Sources */ = {isa = PBXBuildFile; fileRef = 485F5A862A9D7C7F00113291 /* DateView.swift */; };
		485F5A892A9D7DBC00113291 /* DateViewController.swift in Sources */ = {isa = PBXBuildFile; fileRef = 485F5A882A9D7DBC00113291 /* DateViewController.swift */; };
		485F5A8B2A9D8E8500113291 /* DateFormatter+Extension.swift in Sources */ = {isa = PBXBuildFile; fileRef = 485F5A8A2A9D8E8500113291 /* DateFormatter+Extension.swift */; };
		485F5ABE2A9D9BBD00113291 /* SeSACFramework.framework in Frameworks */ = {isa = PBXBuildFile; fileRef = 485F5ABA2A9D9B3700113291 /* SeSACFramework.framework */; };
		485F5ABF2A9D9BBD00113291 /* SeSACFramework.framework in Embed Frameworks */ = {isa = PBXBuildFile; fileRef = 485F5ABA2A9D9B3700113291 /* SeSACFramework.framework */; settings = {ATTRIBUTES = (CodeSignOnCopy, RemoveHeadersOnCopy, ); }; };
		485F5AC22A9DB54C00113291 /* TitleViewController.swift in Sources */ = {isa = PBXBuildFile; fileRef = 485F5AC12A9DB54C00113291 /* TitleViewController.swift */; };
		485F5AC42A9DB55600113291 /* TitleView.swift in Sources */ = {isa = PBXBuildFile; fileRef = 485F5AC32A9DB55600113291 /* TitleView.swift */; };
		485F5AC62A9DBA8600113291 /* TextViewController.swift in Sources */ = {isa = PBXBuildFile; fileRef = 485F5AC52A9DBA8600113291 /* TextViewController.swift */; };
		485F5AC92A9DC75700113291 /* WebViewController.swift in Sources */ = {isa = PBXBuildFile; fileRef = 485F5AC82A9DC75700113291 /* WebViewController.swift */; };
		487D63EB2A9C1D870078FFEE /* AppDelegate.swift in Sources */ = {isa = PBXBuildFile; fileRef = 487D63EA2A9C1D870078FFEE /* AppDelegate.swift */; };
		487D63ED2A9C1D870078FFEE /* SceneDelegate.swift in Sources */ = {isa = PBXBuildFile; fileRef = 487D63EC2A9C1D870078FFEE /* SceneDelegate.swift */; };
		487D63EF2A9C1D870078FFEE /* AddViewController.swift in Sources */ = {isa = PBXBuildFile; fileRef = 487D63EE2A9C1D870078FFEE /* AddViewController.swift */; };
		487D63F42A9C1D8A0078FFEE /* Assets.xcassets in Resources */ = {isa = PBXBuildFile; fileRef = 487D63F32A9C1D8A0078FFEE /* Assets.xcassets */; };
		487D63F72A9C1D8A0078FFEE /* LaunchScreen.storyboard in Resources */ = {isa = PBXBuildFile; fileRef = 487D63F52A9C1D8A0078FFEE /* LaunchScreen.storyboard */; };
		487D64002A9C1E270078FFEE /* SnapKit in Frameworks */ = {isa = PBXBuildFile; productRef = 487D63FF2A9C1E270078FFEE /* SnapKit */; };
		487D64032A9C24160078FFEE /* BaseViewController.swift in Sources */ = {isa = PBXBuildFile; fileRef = 487D64022A9C24160078FFEE /* BaseViewController.swift */; };
		487D64062A9C27510078FFEE /* SearchViewController.swift in Sources */ = {isa = PBXBuildFile; fileRef = 487D64052A9C27510078FFEE /* SearchViewController.swift */; };
		487D64082A9C2EBB0078FFEE /* BaseView.swift in Sources */ = {isa = PBXBuildFile; fileRef = 487D64072A9C2EBB0078FFEE /* BaseView.swift */; };
		487D640B2A9C2FD40078FFEE /* AddView.swift in Sources */ = {isa = PBXBuildFile; fileRef = 487D640A2A9C2FD40078FFEE /* AddView.swift */; };
		487D640D2A9C337C0078FFEE /* SearchView.swift in Sources */ = {isa = PBXBuildFile; fileRef = 487D640C2A9C337C0078FFEE /* SearchView.swift */; };
		487D640F2A9C36670078FFEE /* BaseCollectionViewCell.swift in Sources */ = {isa = PBXBuildFile; fileRef = 487D640E2A9C36670078FFEE /* BaseCollectionViewCell.swift */; };
		487D64112A9C37EF0078FFEE /* SearchCollectionCell.swift in Sources */ = {isa = PBXBuildFile; fileRef = 487D64102A9C37EF0078FFEE /* SearchCollectionCell.swift */; };
		48B648B32A9EC73D00CF38FB /* APIService.swift in Sources */ = {isa = PBXBuildFile; fileRef = 48B648B22A9EC73D00CF38FB /* APIService.swift */; };
		48B648B52A9EEBDB00CF38FB /* URLSessionViewController.swift in Sources */ = {isa = PBXBuildFile; fileRef = 48B648B42A9EEBDB00CF38FB /* URLSessionViewController.swift */; };
/* End PBXBuildFile section */

/* Begin PBXContainerItemProxy section */
		485F5AB92A9D9B3700113291 /* PBXContainerItemProxy */ = {
			isa = PBXContainerItemProxy;
			containerPortal = 485F5AB42A9D9B3600113291 /* SeSACFramework.xcodeproj */;
			proxyType = 2;
			remoteGlobalIDString = 485F5A962A9D92BE00113291;
			remoteInfo = SeSACFramework;
		};
		485F5ABB2A9D9B3700113291 /* PBXContainerItemProxy */ = {
			isa = PBXContainerItemProxy;
			containerPortal = 485F5AB42A9D9B3600113291 /* SeSACFramework.xcodeproj */;
			proxyType = 2;
			remoteGlobalIDString = 485F5AA02A9D92BE00113291;
			remoteInfo = SeSACFrameworkTests;
		};
/* End PBXContainerItemProxy section */

/* Begin PBXCopyFilesBuildPhase section */
		485F5AC02A9D9BBD00113291 /* Embed Frameworks */ = {
			isa = PBXCopyFilesBuildPhase;
			buildActionMask = 2147483647;
			dstPath = "";
			dstSubfolderSpec = 10;
			files = (
				485F5ABF2A9D9BBD00113291 /* SeSACFramework.framework in Embed Frameworks */,
			);
			name = "Embed Frameworks";
			runOnlyForDeploymentPostprocessing = 0;
		};
/* End PBXCopyFilesBuildPhase section */

/* Begin PBXFileReference section */
		485F5A842A9D7BDC00113291 /* Notification+Extension.swift */ = {isa = PBXFileReference; lastKnownFileType = sourcecode.swift; path = "Notification+Extension.swift"; sourceTree = "<group>"; };
		485F5A862A9D7C7F00113291 /* DateView.swift */ = {isa = PBXFileReference; lastKnownFileType = sourcecode.swift; path = DateView.swift; sourceTree = "<group>"; };
		485F5A882A9D7DBC00113291 /* DateViewController.swift */ = {isa = PBXFileReference; lastKnownFileType = sourcecode.swift; path = DateViewController.swift; sourceTree = "<group>"; };
		485F5A8A2A9D8E8500113291 /* DateFormatter+Extension.swift */ = {isa = PBXFileReference; lastKnownFileType = sourcecode.swift; path = "DateFormatter+Extension.swift"; sourceTree = "<group>"; };
		485F5AB42A9D9B3600113291 /* SeSACFramework.xcodeproj */ = {isa = PBXFileReference; lastKnownFileType = "wrapper.pb-project"; name = SeSACFramework.xcodeproj; path = ../SeSACFramework/SeSACFramework.xcodeproj; sourceTree = "<group>"; };
		485F5AC12A9DB54C00113291 /* TitleViewController.swift */ = {isa = PBXFileReference; lastKnownFileType = sourcecode.swift; path = TitleViewController.swift; sourceTree = "<group>"; };
		485F5AC32A9DB55600113291 /* TitleView.swift */ = {isa = PBXFileReference; lastKnownFileType = sourcecode.swift; path = TitleView.swift; sourceTree = "<group>"; };
		485F5AC52A9DBA8600113291 /* TextViewController.swift */ = {isa = PBXFileReference; lastKnownFileType = sourcecode.swift; path = TextViewController.swift; sourceTree = "<group>"; };
		485F5AC82A9DC75700113291 /* WebViewController.swift */ = {isa = PBXFileReference; lastKnownFileType = sourcecode.swift; path = WebViewController.swift; sourceTree = "<group>"; };
		487D63E72A9C1D870078FFEE /* PhotoGram.app */ = {isa = PBXFileReference; explicitFileType = wrapper.application; includeInIndex = 0; path = PhotoGram.app; sourceTree = BUILT_PRODUCTS_DIR; };
		487D63EA2A9C1D870078FFEE /* AppDelegate.swift */ = {isa = PBXFileReference; lastKnownFileType = sourcecode.swift; path = AppDelegate.swift; sourceTree = "<group>"; };
		487D63EC2A9C1D870078FFEE /* SceneDelegate.swift */ = {isa = PBXFileReference; lastKnownFileType = sourcecode.swift; path = SceneDelegate.swift; sourceTree = "<group>"; };
		487D63EE2A9C1D870078FFEE /* AddViewController.swift */ = {isa = PBXFileReference; lastKnownFileType = sourcecode.swift; path = AddViewController.swift; sourceTree = "<group>"; };
		487D63F32A9C1D8A0078FFEE /* Assets.xcassets */ = {isa = PBXFileReference; lastKnownFileType = folder.assetcatalog; path = Assets.xcassets; sourceTree = "<group>"; };
		487D63F62A9C1D8A0078FFEE /* Base */ = {isa = PBXFileReference; lastKnownFileType = file.storyboard; name = Base; path = Base.lproj/LaunchScreen.storyboard; sourceTree = "<group>"; };
		487D63F82A9C1D8A0078FFEE /* Info.plist */ = {isa = PBXFileReference; lastKnownFileType = text.plist.xml; path = Info.plist; sourceTree = "<group>"; };
		487D64022A9C24160078FFEE /* BaseViewController.swift */ = {isa = PBXFileReference; lastKnownFileType = sourcecode.swift; path = BaseViewController.swift; sourceTree = "<group>"; };
		487D64052A9C27510078FFEE /* SearchViewController.swift */ = {isa = PBXFileReference; lastKnownFileType = sourcecode.swift; path = SearchViewController.swift; sourceTree = "<group>"; };
		487D64072A9C2EBB0078FFEE /* BaseView.swift */ = {isa = PBXFileReference; lastKnownFileType = sourcecode.swift; path = BaseView.swift; sourceTree = "<group>"; };
		487D640A2A9C2FD40078FFEE /* AddView.swift */ = {isa = PBXFileReference; lastKnownFileType = sourcecode.swift; path = AddView.swift; sourceTree = "<group>"; };
		487D640C2A9C337C0078FFEE /* SearchView.swift */ = {isa = PBXFileReference; lastKnownFileType = sourcecode.swift; path = SearchView.swift; sourceTree = "<group>"; };
		487D640E2A9C36670078FFEE /* BaseCollectionViewCell.swift */ = {isa = PBXFileReference; lastKnownFileType = sourcecode.swift; path = BaseCollectionViewCell.swift; sourceTree = "<group>"; };
		487D64102A9C37EF0078FFEE /* SearchCollectionCell.swift */ = {isa = PBXFileReference; lastKnownFileType = sourcecode.swift; path = SearchCollectionCell.swift; sourceTree = "<group>"; };
		48B648B22A9EC73D00CF38FB /* APIService.swift */ = {isa = PBXFileReference; lastKnownFileType = sourcecode.swift; path = APIService.swift; sourceTree = "<group>"; };
		48B648B42A9EEBDB00CF38FB /* URLSessionViewController.swift */ = {isa = PBXFileReference; lastKnownFileType = sourcecode.swift; path = URLSessionViewController.swift; sourceTree = "<group>"; };
/* End PBXFileReference section */

/* Begin PBXFrameworksBuildPhase section */
		487D63E42A9C1D870078FFEE /* Frameworks */ = {
			isa = PBXFrameworksBuildPhase;
			buildActionMask = 2147483647;
			files = (
				487D64002A9C1E270078FFEE /* SnapKit in Frameworks */,
				485F5ABE2A9D9BBD00113291 /* SeSACFramework.framework in Frameworks */,
			);
			runOnlyForDeploymentPostprocessing = 0;
		};
/* End PBXFrameworksBuildPhase section */

/* Begin PBXGroup section */
		485F5A832A9D7BC300113291 /* Extension */ = {
			isa = PBXGroup;
			children = (
				485F5A842A9D7BDC00113291 /* Notification+Extension.swift */,
				485F5A8A2A9D8E8500113291 /* DateFormatter+Extension.swift */,
			);
			path = Extension;
			sourceTree = "<group>";
		};
		485F5AB52A9D9B3600113291 /* Products */ = {
			isa = PBXGroup;
			children = (
				485F5ABA2A9D9B3700113291 /* SeSACFramework.framework */,
				485F5ABC2A9D9B3700113291 /* SeSACFrameworkTests.xctest */,
			);
			name = Products;
			sourceTree = "<group>";
		};
		485F5ABD2A9D9BBD00113291 /* Frameworks */ = {
			isa = PBXGroup;
			children = (
			);
			name = Frameworks;
			sourceTree = "<group>";
		};
		487D63DE2A9C1D860078FFEE = {
			isa = PBXGroup;
			children = (
				485F5AB42A9D9B3600113291 /* SeSACFramework.xcodeproj */,
				487D63E92A9C1D870078FFEE /* PhotoGram */,
				487D63E82A9C1D870078FFEE /* Products */,
				485F5ABD2A9D9BBD00113291 /* Frameworks */,
			);
			sourceTree = "<group>";
		};
		487D63E82A9C1D870078FFEE /* Products */ = {
			isa = PBXGroup;
			children = (
				487D63E72A9C1D870078FFEE /* PhotoGram.app */,
			);
			name = Products;
			sourceTree = "<group>";
		};
		487D63E92A9C1D870078FFEE /* PhotoGram */ = {
			isa = PBXGroup;
			children = (
				48B648B12A9EC72700CF38FB /* Network */,
				485F5A832A9D7BC300113291 /* Extension */,
				487D64092A9C2FC30078FFEE /* Add */,
				487D64042A9C272F0078FFEE /* Search */,
				487D64012A9C23F00078FFEE /* Base */,
				487D63EA2A9C1D870078FFEE /* AppDelegate.swift */,
				487D63EC2A9C1D870078FFEE /* SceneDelegate.swift */,
				487D63F32A9C1D8A0078FFEE /* Assets.xcassets */,
				487D63F52A9C1D8A0078FFEE /* LaunchScreen.storyboard */,
				487D63F82A9C1D8A0078FFEE /* Info.plist */,
				485F5AC82A9DC75700113291 /* WebViewController.swift */,
			);
			path = PhotoGram;
			sourceTree = "<group>";
		};
		487D64012A9C23F00078FFEE /* Base */ = {
			isa = PBXGroup;
			children = (
				487D64022A9C24160078FFEE /* BaseViewController.swift */,
				487D64072A9C2EBB0078FFEE /* BaseView.swift */,
				487D640E2A9C36670078FFEE /* BaseCollectionViewCell.swift */,
			);
			path = Base;
			sourceTree = "<group>";
		};
		487D64042A9C272F0078FFEE /* Search */ = {
			isa = PBXGroup;
			children = (
				487D64052A9C27510078FFEE /* SearchViewController.swift */,
				487D640C2A9C337C0078FFEE /* SearchView.swift */,
				487D64102A9C37EF0078FFEE /* SearchCollectionCell.swift */,
			);
			path = Search;
			sourceTree = "<group>";
		};
		487D64092A9C2FC30078FFEE /* Add */ = {
			isa = PBXGroup;
			children = (
				487D63EE2A9C1D870078FFEE /* AddViewController.swift */,
				487D640A2A9C2FD40078FFEE /* AddView.swift */,
				485F5A862A9D7C7F00113291 /* DateView.swift */,
				485F5A882A9D7DBC00113291 /* DateViewController.swift */,
				485F5AC12A9DB54C00113291 /* TitleViewController.swift */,
				485F5AC32A9DB55600113291 /* TitleView.swift */,
				485F5AC52A9DBA8600113291 /* TextViewController.swift */,
			);
			path = Add;
			sourceTree = "<group>";
		};
		48B648B12A9EC72700CF38FB /* Network */ = {
			isa = PBXGroup;
			children = (
				48B648B22A9EC73D00CF38FB /* APIService.swift */,
				48B648B42A9EEBDB00CF38FB /* URLSessionViewController.swift */,
			);
			path = Network;
			sourceTree = "<group>";
		};
/* End PBXGroup section */

/* Begin PBXNativeTarget section */
		487D63E62A9C1D870078FFEE /* PhotoGram */ = {
			isa = PBXNativeTarget;
			buildConfigurationList = 487D63FB2A9C1D8A0078FFEE /* Build configuration list for PBXNativeTarget "PhotoGram" */;
			buildPhases = (
				487D63E32A9C1D870078FFEE /* Sources */,
				487D63E42A9C1D870078FFEE /* Frameworks */,
				487D63E52A9C1D870078FFEE /* Resources */,
				485F5AC02A9D9BBD00113291 /* Embed Frameworks */,
			);
			buildRules = (
			);
			dependencies = (
			);
			name = PhotoGram;
			packageProductDependencies = (
				487D63FF2A9C1E270078FFEE /* SnapKit */,
			);
			productName = PhotoGram;
			productReference = 487D63E72A9C1D870078FFEE /* PhotoGram.app */;
			productType = "com.apple.product-type.application";
		};
/* End PBXNativeTarget section */

/* Begin PBXProject section */
		487D63DF2A9C1D860078FFEE /* Project object */ = {
			isa = PBXProject;
			attributes = {
				BuildIndependentTargetsInParallel = 1;
				LastSwiftUpdateCheck = 1420;
				LastUpgradeCheck = 1420;
				TargetAttributes = {
					487D63E62A9C1D870078FFEE = {
						CreatedOnToolsVersion = 14.2;
					};
				};
			};
			buildConfigurationList = 487D63E22A9C1D860078FFEE /* Build configuration list for PBXProject "PhotoGram" */;
			compatibilityVersion = "Xcode 14.0";
			developmentRegion = en;
			hasScannedForEncodings = 0;
			knownRegions = (
				en,
				Base,
			);
			mainGroup = 487D63DE2A9C1D860078FFEE;
			packageReferences = (
				487D63FE2A9C1E260078FFEE /* XCRemoteSwiftPackageReference "SnapKit" */,
			);
			productRefGroup = 487D63E82A9C1D870078FFEE /* Products */;
			projectDirPath = "";
			projectReferences = (
				{
					ProductGroup = 485F5AB52A9D9B3600113291 /* Products */;
					ProjectRef = 485F5AB42A9D9B3600113291 /* SeSACFramework.xcodeproj */;
				},
			);
			projectRoot = "";
			targets = (
				487D63E62A9C1D870078FFEE /* PhotoGram */,
			);
		};
/* End PBXProject section */

/* Begin PBXReferenceProxy section */
		485F5ABA2A9D9B3700113291 /* SeSACFramework.framework */ = {
			isa = PBXReferenceProxy;
			fileType = wrapper.framework;
			path = SeSACFramework.framework;
			remoteRef = 485F5AB92A9D9B3700113291 /* PBXContainerItemProxy */;
			sourceTree = BUILT_PRODUCTS_DIR;
		};
		485F5ABC2A9D9B3700113291 /* SeSACFrameworkTests.xctest */ = {
			isa = PBXReferenceProxy;
			fileType = wrapper.cfbundle;
			path = SeSACFrameworkTests.xctest;
			remoteRef = 485F5ABB2A9D9B3700113291 /* PBXContainerItemProxy */;
			sourceTree = BUILT_PRODUCTS_DIR;
		};
/* End PBXReferenceProxy section */

/* Begin PBXResourcesBuildPhase section */
		487D63E52A9C1D870078FFEE /* Resources */ = {
			isa = PBXResourcesBuildPhase;
			buildActionMask = 2147483647;
			files = (
				487D63F72A9C1D8A0078FFEE /* LaunchScreen.storyboard in Resources */,
				487D63F42A9C1D8A0078FFEE /* Assets.xcassets in Resources */,
			);
			runOnlyForDeploymentPostprocessing = 0;
		};
/* End PBXResourcesBuildPhase section */

/* Begin PBXSourcesBuildPhase section */
		487D63E32A9C1D870078FFEE /* Sources */ = {
			isa = PBXSourcesBuildPhase;
			buildActionMask = 2147483647;
			files = (
				485F5A852A9D7BDC00113291 /* Notification+Extension.swift in Sources */,
				48B648B32A9EC73D00CF38FB /* APIService.swift in Sources */,
				485F5AC92A9DC75700113291 /* WebViewController.swift in Sources */,
				487D640B2A9C2FD40078FFEE /* AddView.swift in Sources */,
				487D64062A9C27510078FFEE /* SearchViewController.swift in Sources */,
				487D640F2A9C36670078FFEE /* BaseCollectionViewCell.swift in Sources */,
				487D63EF2A9C1D870078FFEE /* AddViewController.swift in Sources */,
				485F5A892A9D7DBC00113291 /* DateViewController.swift in Sources */,
				487D64032A9C24160078FFEE /* BaseViewController.swift in Sources */,
				485F5AC42A9DB55600113291 /* TitleView.swift in Sources */,
				485F5A872A9D7C7F00113291 /* DateView.swift in Sources */,
				487D640D2A9C337C0078FFEE /* SearchView.swift in Sources */,
				487D64082A9C2EBB0078FFEE /* BaseView.swift in Sources */,
				485F5A8B2A9D8E8500113291 /* DateFormatter+Extension.swift in Sources */,
				487D63EB2A9C1D870078FFEE /* AppDelegate.swift in Sources */,
				48B648B52A9EEBDB00CF38FB /* URLSessionViewController.swift in Sources */,
				487D63ED2A9C1D870078FFEE /* SceneDelegate.swift in Sources */,
				485F5AC62A9DBA8600113291 /* TextViewController.swift in Sources */,
				487D64112A9C37EF0078FFEE /* SearchCollectionCell.swift in Sources */,
				485F5AC22A9DB54C00113291 /* TitleViewController.swift in Sources */,
			);
			runOnlyForDeploymentPostprocessing = 0;
		};
/* End PBXSourcesBuildPhase section */

/* Begin PBXVariantGroup section */
		487D63F52A9C1D8A0078FFEE /* LaunchScreen.storyboard */ = {
			isa = PBXVariantGroup;
			children = (
				487D63F62A9C1D8A0078FFEE /* Base */,
			);
			name = LaunchScreen.storyboard;
			sourceTree = "<group>";
		};
/* End PBXVariantGroup section */

/* Begin XCBuildConfiguration section */
		487D63F92A9C1D8A0078FFEE /* Debug */ = {
			isa = XCBuildConfiguration;
			buildSettings = {
				ALWAYS_SEARCH_USER_PATHS = NO;
				CLANG_ANALYZER_NONNULL = YES;
				CLANG_ANALYZER_NUMBER_OBJECT_CONVERSION = YES_AGGRESSIVE;
				CLANG_CXX_LANGUAGE_STANDARD = "gnu++20";
				CLANG_ENABLE_MODULES = YES;
				CLANG_ENABLE_OBJC_ARC = YES;
				CLANG_ENABLE_OBJC_WEAK = YES;
				CLANG_WARN_BLOCK_CAPTURE_AUTORELEASING = YES;
				CLANG_WARN_BOOL_CONVERSION = YES;
				CLANG_WARN_COMMA = YES;
				CLANG_WARN_CONSTANT_CONVERSION = YES;
				CLANG_WARN_DEPRECATED_OBJC_IMPLEMENTATIONS = YES;
				CLANG_WARN_DIRECT_OBJC_ISA_USAGE = YES_ERROR;
				CLANG_WARN_DOCUMENTATION_COMMENTS = YES;
				CLANG_WARN_EMPTY_BODY = YES;
				CLANG_WARN_ENUM_CONVERSION = YES;
				CLANG_WARN_INFINITE_RECURSION = YES;
				CLANG_WARN_INT_CONVERSION = YES;
				CLANG_WARN_NON_LITERAL_NULL_CONVERSION = YES;
				CLANG_WARN_OBJC_IMPLICIT_RETAIN_SELF = YES;
				CLANG_WARN_OBJC_LITERAL_CONVERSION = YES;
				CLANG_WARN_OBJC_ROOT_CLASS = YES_ERROR;
				CLANG_WARN_QUOTED_INCLUDE_IN_FRAMEWORK_HEADER = YES;
				CLANG_WARN_RANGE_LOOP_ANALYSIS = YES;
				CLANG_WARN_STRICT_PROTOTYPES = YES;
				CLANG_WARN_SUSPICIOUS_MOVE = YES;
				CLANG_WARN_UNGUARDED_AVAILABILITY = YES_AGGRESSIVE;
				CLANG_WARN_UNREACHABLE_CODE = YES;
				CLANG_WARN__DUPLICATE_METHOD_MATCH = YES;
				COPY_PHASE_STRIP = NO;
				DEBUG_INFORMATION_FORMAT = dwarf;
				ENABLE_STRICT_OBJC_MSGSEND = YES;
				ENABLE_TESTABILITY = YES;
				GCC_C_LANGUAGE_STANDARD = gnu11;
				GCC_DYNAMIC_NO_PIC = NO;
				GCC_NO_COMMON_BLOCKS = YES;
				GCC_OPTIMIZATION_LEVEL = 0;
				GCC_PREPROCESSOR_DEFINITIONS = (
					"DEBUG=1",
					"$(inherited)",
				);
				GCC_WARN_64_TO_32_BIT_CONVERSION = YES;
				GCC_WARN_ABOUT_RETURN_TYPE = YES_ERROR;
				GCC_WARN_UNDECLARED_SELECTOR = YES;
				GCC_WARN_UNINITIALIZED_AUTOS = YES_AGGRESSIVE;
				GCC_WARN_UNUSED_FUNCTION = YES;
				GCC_WARN_UNUSED_VARIABLE = YES;
				IPHONEOS_DEPLOYMENT_TARGET = 16.2;
				MTL_ENABLE_DEBUG_INFO = INCLUDE_SOURCE;
				MTL_FAST_MATH = YES;
				ONLY_ACTIVE_ARCH = YES;
				SDKROOT = iphoneos;
				SWIFT_ACTIVE_COMPILATION_CONDITIONS = DEBUG;
				SWIFT_OPTIMIZATION_LEVEL = "-Onone";
			};
			name = Debug;
		};
		487D63FA2A9C1D8A0078FFEE /* Release */ = {
			isa = XCBuildConfiguration;
			buildSettings = {
				ALWAYS_SEARCH_USER_PATHS = NO;
				CLANG_ANALYZER_NONNULL = YES;
				CLANG_ANALYZER_NUMBER_OBJECT_CONVERSION = YES_AGGRESSIVE;
				CLANG_CXX_LANGUAGE_STANDARD = "gnu++20";
				CLANG_ENABLE_MODULES = YES;
				CLANG_ENABLE_OBJC_ARC = YES;
				CLANG_ENABLE_OBJC_WEAK = YES;
				CLANG_WARN_BLOCK_CAPTURE_AUTORELEASING = YES;
				CLANG_WARN_BOOL_CONVERSION = YES;
				CLANG_WARN_COMMA = YES;
				CLANG_WARN_CONSTANT_CONVERSION = YES;
				CLANG_WARN_DEPRECATED_OBJC_IMPLEMENTATIONS = YES;
				CLANG_WARN_DIRECT_OBJC_ISA_USAGE = YES_ERROR;
				CLANG_WARN_DOCUMENTATION_COMMENTS = YES;
				CLANG_WARN_EMPTY_BODY = YES;
				CLANG_WARN_ENUM_CONVERSION = YES;
				CLANG_WARN_INFINITE_RECURSION = YES;
				CLANG_WARN_INT_CONVERSION = YES;
				CLANG_WARN_NON_LITERAL_NULL_CONVERSION = YES;
				CLANG_WARN_OBJC_IMPLICIT_RETAIN_SELF = YES;
				CLANG_WARN_OBJC_LITERAL_CONVERSION = YES;
				CLANG_WARN_OBJC_ROOT_CLASS = YES_ERROR;
				CLANG_WARN_QUOTED_INCLUDE_IN_FRAMEWORK_HEADER = YES;
				CLANG_WARN_RANGE_LOOP_ANALYSIS = YES;
				CLANG_WARN_STRICT_PROTOTYPES = YES;
				CLANG_WARN_SUSPICIOUS_MOVE = YES;
				CLANG_WARN_UNGUARDED_AVAILABILITY = YES_AGGRESSIVE;
				CLANG_WARN_UNREACHABLE_CODE = YES;
				CLANG_WARN__DUPLICATE_METHOD_MATCH = YES;
				COPY_PHASE_STRIP = NO;
				DEBUG_INFORMATION_FORMAT = "dwarf-with-dsym";
				ENABLE_NS_ASSERTIONS = NO;
				ENABLE_STRICT_OBJC_MSGSEND = YES;
				GCC_C_LANGUAGE_STANDARD = gnu11;
				GCC_NO_COMMON_BLOCKS = YES;
				GCC_WARN_64_TO_32_BIT_CONVERSION = YES;
				GCC_WARN_ABOUT_RETURN_TYPE = YES_ERROR;
				GCC_WARN_UNDECLARED_SELECTOR = YES;
				GCC_WARN_UNINITIALIZED_AUTOS = YES_AGGRESSIVE;
				GCC_WARN_UNUSED_FUNCTION = YES;
				GCC_WARN_UNUSED_VARIABLE = YES;
				IPHONEOS_DEPLOYMENT_TARGET = 16.2;
				MTL_ENABLE_DEBUG_INFO = NO;
				MTL_FAST_MATH = YES;
				SDKROOT = iphoneos;
				SWIFT_COMPILATION_MODE = wholemodule;
				SWIFT_OPTIMIZATION_LEVEL = "-O";
				VALIDATE_PRODUCT = YES;
			};
			name = Release;
		};
		487D63FC2A9C1D8A0078FFEE /* Debug */ = {
			isa = XCBuildConfiguration;
			buildSettings = {
				ASSETCATALOG_COMPILER_APPICON_NAME = AppIcon;
				ASSETCATALOG_COMPILER_GLOBAL_ACCENT_COLOR_NAME = AccentColor;
				CODE_SIGN_STYLE = Automatic;
				CURRENT_PROJECT_VERSION = 1;
				DEVELOPMENT_TEAM = A8NKCBCXX2;
				GENERATE_INFOPLIST_FILE = YES;
				INFOPLIST_FILE = PhotoGram/Info.plist;
				INFOPLIST_KEY_UIApplicationSupportsIndirectInputEvents = YES;
				INFOPLIST_KEY_UILaunchStoryboardName = LaunchScreen;
				INFOPLIST_KEY_UISupportedInterfaceOrientations_iPad = "UIInterfaceOrientationPortrait UIInterfaceOrientationPortraitUpsideDown UIInterfaceOrientationLandscapeLeft UIInterfaceOrientationLandscapeRight";
				INFOPLIST_KEY_UISupportedInterfaceOrientations_iPhone = "UIInterfaceOrientationPortrait UIInterfaceOrientationLandscapeLeft UIInterfaceOrientationLandscapeRight";
				LD_RUNPATH_SEARCH_PATHS = (
					"$(inherited)",
					"@executable_path/Frameworks",
				);
				MARKETING_VERSION = 1.0;
				PRODUCT_BUNDLE_IDENTIFIER = com.sesac.Week6.PhotoGram;
				PRODUCT_NAME = "$(TARGET_NAME)";
				SWIFT_EMIT_LOC_STRINGS = YES;
				SWIFT_VERSION = 5.0;
				TARGETED_DEVICE_FAMILY = "1,2";
			};
			name = Debug;
		};
		487D63FD2A9C1D8A0078FFEE /* Release */ = {
			isa = XCBuildConfiguration;
			buildSettings = {
				ASSETCATALOG_COMPILER_APPICON_NAME = AppIcon;
				ASSETCATALOG_COMPILER_GLOBAL_ACCENT_COLOR_NAME = AccentColor;
				CODE_SIGN_STYLE = Automatic;
				CURRENT_PROJECT_VERSION = 1;
				DEVELOPMENT_TEAM = A8NKCBCXX2;
				GENERATE_INFOPLIST_FILE = YES;
				INFOPLIST_FILE = PhotoGram/Info.plist;
				INFOPLIST_KEY_UIApplicationSupportsIndirectInputEvents = YES;
				INFOPLIST_KEY_UILaunchStoryboardName = LaunchScreen;
				INFOPLIST_KEY_UISupportedInterfaceOrientations_iPad = "UIInterfaceOrientationPortrait UIInterfaceOrientationPortraitUpsideDown UIInterfaceOrientationLandscapeLeft UIInterfaceOrientationLandscapeRight";
				INFOPLIST_KEY_UISupportedInterfaceOrientations_iPhone = "UIInterfaceOrientationPortrait UIInterfaceOrientationLandscapeLeft UIInterfaceOrientationLandscapeRight";
				LD_RUNPATH_SEARCH_PATHS = (
					"$(inherited)",
					"@executable_path/Frameworks",
				);
				MARKETING_VERSION = 1.0;
				PRODUCT_BUNDLE_IDENTIFIER = com.sesac.Week6.PhotoGram;
				PRODUCT_NAME = "$(TARGET_NAME)";
				SWIFT_EMIT_LOC_STRINGS = YES;
				SWIFT_VERSION = 5.0;
				TARGETED_DEVICE_FAMILY = "1,2";
			};
			name = Release;
		};
/* End XCBuildConfiguration section */

/* Begin XCConfigurationList section */
		487D63E22A9C1D860078FFEE /* Build configuration list for PBXProject "PhotoGram" */ = {
			isa = XCConfigurationList;
			buildConfigurations = (
				487D63F92A9C1D8A0078FFEE /* Debug */,
				487D63FA2A9C1D8A0078FFEE /* Release */,
			);
			defaultConfigurationIsVisible = 0;
			defaultConfigurationName = Release;
		};
		487D63FB2A9C1D8A0078FFEE /* Build configuration list for PBXNativeTarget "PhotoGram" */ = {
			isa = XCConfigurationList;
			buildConfigurations = (
				487D63FC2A9C1D8A0078FFEE /* Debug */,
				487D63FD2A9C1D8A0078FFEE /* Release */,
			);
			defaultConfigurationIsVisible = 0;
			defaultConfigurationName = Release;
		};
/* End XCConfigurationList section */

/* Begin XCRemoteSwiftPackageReference section */
		487D63FE2A9C1E260078FFEE /* XCRemoteSwiftPackageReference "SnapKit" */ = {
			isa = XCRemoteSwiftPackageReference;
			repositoryURL = "https://github.com/SnapKit/SnapKit.git";
			requirement = {
				branch = develop;
				kind = branch;
			};
		};
/* End XCRemoteSwiftPackageReference section */

/* Begin XCSwiftPackageProductDependency section */
		487D63FF2A9C1E270078FFEE /* SnapKit */ = {
			isa = XCSwiftPackageProductDependency;
			package = 487D63FE2A9C1E260078FFEE /* XCRemoteSwiftPackageReference "SnapKit" */;
			productName = SnapKit;
		};
/* End XCSwiftPackageProductDependency section */
	};
	rootObject = 487D63DF2A9C1D860078FFEE /* Project object */;
}
